
Microsoft Visual Studio Solution File, Format Version 12.00
# Visual Studio Version 16
VisualStudioVersion = 16.0.31019.35
MinimumVisualStudioVersion = 10.0.40219.1
Project("{FAE04EC0-301F-11D3-BF4B-00C04F79EFBC}") = "ACM.BL", "ACM.BL\ACM.BL.csproj", "{A1E403C5-2759-4434-A3CC-306A5863421A}"
EndProject
Project("{2150E333-8FDC-42A3-9474-1A3956D46DE8}") = "Tests", "Tests", "{88527AD6-D81B-4096-8BA4-D09B60A4402F}"
EndProject
Project("{FAE04EC0-301F-11D3-BF4B-00C04F79EFBC}") = "ACM.BLTest", "Tests\ACM.BLTest\ACM.BLTest.csproj", "{3D7E01FA-BED8-41CA-BE20-439AF97E45A1}"
EndProject
Global
	GlobalSection(SolutionConfigurationPlatforms) = preSolution
		Debug|Any CPU = Debug|Any CPU
		Release|Any CPU = Release|Any CPU
	EndGlobalSection
	GlobalSection(ProjectConfigurationPlatforms) = postSolution
		{A1E403C5-2759-4434-A3CC-306A5863421A}.Debug|Any CPU.ActiveCfg = Debug|Any CPU
		{A1E403C5-2759-4434-A3CC-306A5863421A}.Debug|Any CPU.Build.0 = Debug|Any CPU
		{A1E403C5-2759-4434-A3CC-306A5863421A}.Release|Any CPU.ActiveCfg = Release|Any CPU
		{A1E403C5-2759-4434-A3CC-306A5863421A}.Release|Any CPU.Build.0 = Release|Any CPU
		{3D7E01FA-BED8-41CA-BE20-439AF97E45A1}.Debug|Any CPU.ActiveCfg = Debug|Any CPU
		{3D7E01FA-BED8-41CA-BE20-439AF97E45A1}.Debug|Any CPU.Build.0 = Debug|Any CPU
		{3D7E01FA-BED8-41CA-BE20-439AF97E45A1}.Release|Any CPU.ActiveCfg = Release|Any CPU
		{3D7E01FA-BED8-41CA-BE20-439AF97E45A1}.Release|Any CPU.Build.0 = Release|Any CPU
	EndGlobalSection
	GlobalSection(SolutionProperties) = preSolution
		HideSolutionNode = FALSE
	EndGlobalSection
	GlobalSection(NestedProjects) = preSolution
		{3D7E01FA-BED8-41CA-BE20-439AF97E45A1} = {88527AD6-D81B-4096-8BA4-D09B60A4402F}
	EndGlobalSection
	GlobalSection(ExtensibilityGlobals) = postSolution
		SolutionGuid = {546A59E8-0513-4991-8D4C-80871C700FE9}
	EndGlobalSection
EndGlobal
